https://github.com/Pocco81/auto-save.nvim 979b6c82f60cfa80f4cf437d77446d0ded0addf0
https://github.com/hrsh7th/cmp-buffer 3022dbc9166796b644a841a02de8dd1cc1d311fa
https://github.com/hrsh7th/cmp-cmdline 8ee981b4a91f536f52add291594e89fb6645e451
https://github.com/woodgear/cmp_luasnip dea781386cd57025ee1bc9328f27b47a64e867fd
https://github.com/hrsh7th/cmp-nvim-lsp 5af77f54de1b16c34b23cba810150689a3a90312
https://github.com/hrsh7th/cmp-path 91ff86cd9c29299a64f968ebb45846c485725f23
https://github.com/numToStr/Comment.nvim 0236521ea582747b58869cb72f70ccfa967d2e89
https://github.com/zbirenbaum/copilot-cmp 72fbaa03695779f8349be3ac54fa8bd77eed3ee3
https://github.com/zbirenbaum/copilot.lua f7612f5af4a7d7615babf43ab1e67a2d790c13a6
https://github.com/stevearc/dressing.nvim 18e5beb3845f085b6a33c24112b37988f3f93c06
https://github.com/j-hui/fidget.nvim 2f7c08f45639a64a5c0abcf67321d52c3f499ae6
https://github.com/mhartington/formatter.nvim cb4778b8432f1ae86dae4634c0b611cb269a4c2f
https://github.com/ellisonleao/gruvbox.nvim 6e4027ae957cddf7b193adfaec4a8f9e03b4555f
https://github.com/phaazon/hop.nvim 1a1eceafe54b5081eae4cb91c723abd1d450f34b
https://github.com/lukas-reineke/indent-blankline.nvim 821a7acd88587d966f7e464b0b3031dfe7f5680c
https://github.com/onsails/lspkind.nvim 1735dd5a5054c1fb7feaf8e8658dbab925f4f0cf
https://github.com/nvim-lualine/lualine.nvim 26dac2fcadb6e622790ab08e36d0dba3d3765398
https://github.com/L3MON4D3/LuaSnip a7a4b4682c4b3e2ba82b82a4e6e5f5a0e79dec32
https://github.com/williamboman/mason-lspconfig.nvim 55716a879568a498fa236593c8119789054a3b8e
https://github.com/williamboman/mason.nvim 3b5068f0fc565f337d67a2d315d935f574848ee7
https://github.com/nvim-neo-tree/neo-tree.nvim 742db4e60c74e5fbcc596aaf9e7575e1342dfd09
https://github.com/MunifTanjim/nui.nvim 3dc46d725f7b94bee5117c0a699b57b1902b5d65
https://github.com/jose-elias-alvarez/null-ls.nvim 0010ea927ab7c09ef0ce9bf28c2b573fc302f5a7
https://github.com/windwp/nvim-autopairs c6139ca0d5ad7af129ea6c89cb4c56093f2c034a
https://github.com/hrsh7th/nvim-cmp 04e0ca376d6abdbfc8b52180f8ea236cbfddf782
https://github.com/neovim/nvim-lspconfig 4bdd3800b4148f670c6cf55ef65f490148eeb550
https://github.com/kylechui/nvim-surround 84a26afce16cffa7e3322cfa80a42cddf60616eb
https://github.com/nvim-tree/nvim-tree.lua 041dbd18f440207ad161503a384e7c82d575db66
https://github.com/nvim-treesitter/nvim-treesitter 35c1a32b267c969a024ef651c8a25d7ff9018d22
https://github.com/woodgear/nvim-treesitter-textobjects c9b54ead4115fa1804b14d37b13d807628f8dc58
https://github.com/kyazdani42/nvim-web-devicons 75df79feb02d5e0ec114e447453775d4d291ea03
https://github.com/nvim-lua/plenary.nvim f7adfc4b3f4f91aab6caebf42b3682945fbc35be
https://github.com/kevinhwang91/promise-async 93540c168c5ed2b030ec3e6c40ab8bbb85e36355
https://github.com/ray-x/starry.nvim 6451a041f1af6266c7482b5e404fb2a3a70d9d86
https://github.com/simrat39/symbols-outline.nvim 564ee65dfc9024bdde73a6621820866987cbb256
https://github.com/nvim-telescope/telescope.nvim b323abeb4baf9e4851c3af1961e770ce76c657c7
https://github.com/nvim-telescope/telescope-ui-select.nvim 6e51d7da30bd139a6950adf2a47fda6df9fa06d2
https://github.com/akinsho/toggleterm.nvim 193786e0371e3286d3bc9aa0079da1cd41beaa62
https://github.com/svermeulen/vimpeccable bd19b2a86a3d4a0ee184412aa3edb7ed57025d56
https://github.com/fgheng/winbar.nvim 13739fdb31be51a1000486189662596f07a59a31
